
Microsoft Visual Studio Solution File, Format Version 12.00
# Visual Studio 2012
Project("{FAE04EC0-301F-11D3-BF4B-00C04F79EFBC}") = "Mascotas", "Mascotas\Mascotas.csproj", "{1AA8BFFD-F811-409B-AFE1-9316B2CFD1DA}"
EndProject
Global
	GlobalSection(SolutionConfigurationPlatforms) = preSolution
		Debug|Any CPU = Debug|Any CPU
		Release|Any CPU = Release|Any CPU
	EndGlobalSection
	GlobalSection(ProjectConfigurationPlatforms) = postSolution
		{1AA8BFFD-F811-409B-AFE1-9316B2CFD1DA}.Debug|Any CPU.ActiveCfg = Debug|Any CPU
		{1AA8BFFD-F811-409B-AFE1-9316B2CFD1DA}.Debug|Any CPU.Build.0 = Debug|Any CPU
		{1AA8BFFD-F811-409B-AFE1-9316B2CFD1DA}.Release|Any CPU.ActiveCfg = Release|Any CPU
		{1AA8BFFD-F811-409B-AFE1-9316B2CFD1DA}.Release|Any CPU.Build.0 = Release|Any CPU
	EndGlobalSection
	GlobalSection(SolutionProperties) = preSolution
		HideSolutionNode = FALSE
	EndGlobalSection
EndGlobal
