
Microsoft Visual Studio Solution File, Format Version 12.00
# Visual Studio Express 2012 for Windows Desktop
Project("{FAE04EC0-301F-11D3-BF4B-00C04F79EFBC}") = "Meza.Geraldine.2C", "Meza.Geraldine.2C\Meza.Geraldine.2C.csproj", "{D0088E63-E029-4E1E-BE7C-0220288D6422}"
EndProject
Project("{FAE04EC0-301F-11D3-BF4B-00C04F79EFBC}") = "EntidadFinanciera", "..\EntidadFinanciera\EntidadFinanciera\EntidadFinanciera.csproj", "{DC030CF1-03F5-49B9-B208-1887C35AD7A8}"
EndProject
Project("{FAE04EC0-301F-11D3-BF4B-00C04F79EFBC}") = "Test", "..\Test\Test\Test.csproj", "{F1E44D54-676C-488C-9CB5-22A181611385}"
EndProject
Global
	GlobalSection(SolutionConfigurationPlatforms) = preSolution
		Debug|Any CPU = Debug|Any CPU
		Release|Any CPU = Release|Any CPU
	EndGlobalSection
	GlobalSection(ProjectConfigurationPlatforms) = postSolution
		{D0088E63-E029-4E1E-BE7C-0220288D6422}.Debug|Any CPU.ActiveCfg = Debug|Any CPU
		{D0088E63-E029-4E1E-BE7C-0220288D6422}.Debug|Any CPU.Build.0 = Debug|Any CPU
		{D0088E63-E029-4E1E-BE7C-0220288D6422}.Release|Any CPU.ActiveCfg = Release|Any CPU
		{D0088E63-E029-4E1E-BE7C-0220288D6422}.Release|Any CPU.Build.0 = Release|Any CPU
		{DC030CF1-03F5-49B9-B208-1887C35AD7A8}.Debug|Any CPU.ActiveCfg = Debug|Any CPU
		{DC030CF1-03F5-49B9-B208-1887C35AD7A8}.Debug|Any CPU.Build.0 = Debug|Any CPU
		{DC030CF1-03F5-49B9-B208-1887C35AD7A8}.Release|Any CPU.ActiveCfg = Release|Any CPU
		{DC030CF1-03F5-49B9-B208-1887C35AD7A8}.Release|Any CPU.Build.0 = Release|Any CPU
		{F1E44D54-676C-488C-9CB5-22A181611385}.Debug|Any CPU.ActiveCfg = Debug|Any CPU
		{F1E44D54-676C-488C-9CB5-22A181611385}.Debug|Any CPU.Build.0 = Debug|Any CPU
		{F1E44D54-676C-488C-9CB5-22A181611385}.Release|Any CPU.ActiveCfg = Release|Any CPU
		{F1E44D54-676C-488C-9CB5-22A181611385}.Release|Any CPU.Build.0 = Release|Any CPU
	EndGlobalSection
	GlobalSection(SolutionProperties) = preSolution
		HideSolutionNode = FALSE
	EndGlobalSection
EndGlobal
